Microsoft Visual Studio Solution File, Format Version 12.00
# Visual Studio Version 17
VisualStudioVersion = 17.5.2.0
MinimumVisualStudioVersion = 10.0.40219.1
Project("{FAE04EC0-301F-11D3-BF4B-00C04F79EFBC}") = "ExpenseDb.API", "ExpenseDb.API.csproj", "{106814BD-4DD4-B65E-B319-CC3CD9520D9D}"
EndProject
Global
	GlobalSection(SolutionConfigurationPlatforms) = preSolution
		Debug|Any CPU = Debug|Any CPU
		Release|Any CPU = Release|Any CPU
	EndGlobalSection
	GlobalSection(ProjectConfigurationPlatforms) = postSolution
		{106814BD-4DD4-B65E-B319-CC3CD9520D9D}.Debug|Any CPU.ActiveCfg = Debug|Any CPU
		{106814BD-4DD4-B65E-B319-CC3CD9520D9D}.Debug|Any CPU.Build.0 = Debug|Any CPU
		{106814BD-4DD4-B65E-B319-CC3CD9520D9D}.Release|Any CPU.ActiveCfg = Release|Any CPU
		{106814BD-4DD4-B65E-B319-CC3CD9520D9D}.Release|Any CPU.Build.0 = Release|Any CPU
	EndGlobalSection
	GlobalSection(SolutionProperties) = preSolution
		HideSolutionNode = FALSE
	EndGlobalSection
	GlobalSection(ExtensibilityGlobals) = postSolution
		SolutionGuid = {571CDD16-3087-4AB1-8596-3B906D26180A}
	EndGlobalSection
EndGlobal
